// !$*UTF8*$!
{
	archiveVersion = 1;
	classes = {
	};
	objectVersion = 50;
	objects = {

/* Begin PBXBuildFile section */
		1C00DEA926E8FFC10058790B /* LudoBoardController.swift in Sources */ = {isa = PBXBuildFile; fileRef = 1C00DEA826E8FFC10058790B /* LudoBoardController.swift */; };
		1C00DEAC26E900450058790B /* Constants.swift in Sources */ = {isa = PBXBuildFile; fileRef = 1C00DEAB26E900450058790B /* Constants.swift */; };
		1C00DEAF26E923850058790B /* DragonBallsController.swift in Sources */ = {isa = PBXBuildFile; fileRef = 1C00DEAE26E923850058790B /* DragonBallsController.swift */; };
		1C235D0126EB3DC50099937D /* DiceController.swift in Sources */ = {isa = PBXBuildFile; fileRef = 1C235D0026EB3DC50099937D /* DiceController.swift */; };
		1C238A8B248EA85F005279BF /* Players.swift in Sources */ = {isa = PBXBuildFile; fileRef = 1C238A8A248EA85F005279BF /* Players.swift */; };
		1C6D83E326E7BA0C006C1B67 /* Player.swift in Sources */ = {isa = PBXBuildFile; fileRef = 1C6D83E226E7BA0C006C1B67 /* Player.swift */; };
		1C71847A26EB9D9B002F6743 /* GameLogicController.swift in Sources */ = {isa = PBXBuildFile; fileRef = 1C71847926EB9D9B002F6743 /* GameLogicController.swift */; };
		1C78081F26EA62AE00DC5B12 /* ViewController+Gestures.swift in Sources */ = {isa = PBXBuildFile; fileRef = 1C78081E26EA62AE00DC5B12 /* ViewController+Gestures.swift */; };
		1C78082226EA639600DC5B12 /* ViewController+ARSCNView.swift in Sources */ = {isa = PBXBuildFile; fileRef = 1C78082126EA639600DC5B12 /* ViewController+ARSCNView.swift */; };
		1C78082526EA720600DC5B12 /* PlayerController.swift in Sources */ = {isa = PBXBuildFile; fileRef = 1C78082426EA720600DC5B12 /* PlayerController.swift */; };
		1C8FD91E2482676000FD5A5B /* AppDelegate.swift in Sources */ = {isa = PBXBuildFile; fileRef = 1C8FD91D2482676000FD5A5B /* AppDelegate.swift */; };
		1C8FD9202482676000FD5A5B /* art.scnassets in Resources */ = {isa = PBXBuildFile; fileRef = 1C8FD91F2482676000FD5A5B /* art.scnassets */; };
		1C8FD9222482676000FD5A5B /* ViewController-Copy.swift in Sources */ = {isa = PBXBuildFile; fileRef = 1C8FD9212482676000FD5A5B /* ViewController-Copy.swift */; };
		1C8FD9252482676000FD5A5B /* Main.storyboard in Resources */ = {isa = PBXBuildFile; fileRef = 1C8FD9232482676000FD5A5B /* Main.storyboard */; };
		1C8FD9272482676100FD5A5B /* Assets.xcassets in Resources */ = {isa = PBXBuildFile; fileRef = 1C8FD9262482676100FD5A5B /* Assets.xcassets */; };
		1C8FD92A2482676100FD5A5B /* LaunchScreen.storyboard in Resources */ = {isa = PBXBuildFile; fileRef = 1C8FD9282482676100FD5A5B /* LaunchScreen.storyboard */; };
		1CA0B97F26E8FA6100FEAE85 /* ViewController.swift in Sources */ = {isa = PBXBuildFile; fileRef = 1CA0B97E26E8FA6100FEAE85 /* ViewController.swift */; };
		1CA0B98226E8FB6F00FEAE85 /* LudoBoard.swift in Sources */ = {isa = PBXBuildFile; fileRef = 1CA0B98126E8FB6F00FEAE85 /* LudoBoard.swift */; };
		1CD351E326EB616700CCFD1B /* GameController.swift in Sources */ = {isa = PBXBuildFile; fileRef = 1CD351E226EB616700CCFD1B /* GameController.swift */; };
/* End PBXBuildFile section */

/* Begin PBXFileReference section */
		1C00DEA826E8FFC10058790B /* LudoBoardController.swift */ = {isa = PBXFileReference; lastKnownFileType = sourcecode.swift; path = LudoBoardController.swift; sourceTree = "<group>"; };
		1C00DEAB26E900450058790B /* Constants.swift */ = {isa = PBXFileReference; lastKnownFileType = sourcecode.swift; path = Constants.swift; sourceTree = "<group>"; };
		1C00DEAE26E923850058790B /* DragonBallsController.swift */ = {isa = PBXFileReference; lastKnownFileType = sourcecode.swift; path = DragonBallsController.swift; sourceTree = "<group>"; };
		1C235D0026EB3DC50099937D /* DiceController.swift */ = {isa = PBXFileReference; lastKnownFileType = sourcecode.swift; path = DiceController.swift; sourceTree = "<group>"; };
		1C238A8A248EA85F005279BF /* Players.swift */ = {isa = PBXFileReference; fileEncoding = 4; lastKnownFileType = sourcecode.swift; path = Players.swift; sourceTree = "<group>"; };
		1C6D83E226E7BA0C006C1B67 /* Player.swift */ = {isa = PBXFileReference; lastKnownFileType = sourcecode.swift; path = Player.swift; sourceTree = "<group>"; };
		1C71847926EB9D9B002F6743 /* GameLogicController.swift */ = {isa = PBXFileReference; lastKnownFileType = sourcecode.swift; path = GameLogicController.swift; sourceTree = "<group>"; };
		1C78081E26EA62AE00DC5B12 /* ViewController+Gestures.swift */ = {isa = PBXFileReference; lastKnownFileType = sourcecode.swift; path = "ViewController+Gestures.swift"; sourceTree = "<group>"; };
		1C78082126EA639600DC5B12 /* ViewController+ARSCNView.swift */ = {isa = PBXFileReference; lastKnownFileType = sourcecode.swift; path = "ViewController+ARSCNView.swift"; sourceTree = "<group>"; };
		1C78082426EA720600DC5B12 /* PlayerController.swift */ = {isa = PBXFileReference; lastKnownFileType = sourcecode.swift; path = PlayerController.swift; sourceTree = "<group>"; };
		1C8FD91A2482676000FD5A5B /* Load Board.app */ = {isa = PBXFileReference; explicitFileType = wrapper.application; includeInIndex = 0; path = "Load Board.app"; sourceTree = BUILT_PRODUCTS_DIR; };
		1C8FD91D2482676000FD5A5B /* AppDelegate.swift */ = {isa = PBXFileReference; lastKnownFileType = sourcecode.swift; path = AppDelegate.swift; sourceTree = "<group>"; };
		1C8FD91F2482676000FD5A5B /* art.scnassets */ = {isa = PBXFileReference; lastKnownFileType = wrapper.scnassets; path = art.scnassets; sourceTree = "<group>"; };
		1C8FD9212482676000FD5A5B /* ViewController-Copy.swift */ = {isa = PBXFileReference; lastKnownFileType = sourcecode.swift; path = "ViewController-Copy.swift"; sourceTree = "<group>"; };
		1C8FD9242482676000FD5A5B /* Base */ = {isa = PBXFileReference; lastKnownFileType = file.storyboard; name = Base; path = Base.lproj/Main.storyboard; sourceTree = "<group>"; };
		1C8FD9262482676100FD5A5B /* Assets.xcassets */ = {isa = PBXFileReference; lastKnownFileType = folder.assetcatalog; path = Assets.xcassets; sourceTree = "<group>"; };
		1C8FD9292482676100FD5A5B /* Base */ = {isa = PBXFileReference; lastKnownFileType = file.storyboard; name = Base; path = Base.lproj/LaunchScreen.storyboard; sourceTree = "<group>"; };
		1C8FD92B2482676100FD5A5B /* Info.plist */ = {isa = PBXFileReference; lastKnownFileType = text.plist.xml; path = Info.plist; sourceTree = "<group>"; };
		1CA0B97E26E8FA6100FEAE85 /* ViewController.swift */ = {isa = PBXFileReference; lastKnownFileType = sourcecode.swift; path = ViewController.swift; sourceTree = "<group>"; };
		1CA0B98126E8FB6F00FEAE85 /* LudoBoard.swift */ = {isa = PBXFileReference; lastKnownFileType = sourcecode.swift; path = LudoBoard.swift; sourceTree = "<group>"; };
		1CD351E226EB616700CCFD1B /* GameController.swift */ = {isa = PBXFileReference; lastKnownFileType = sourcecode.swift; path = GameController.swift; sourceTree = "<group>"; };
/* End PBXFileReference section */

/* Begin PBXFrameworksBuildPhase section */
		1C8FD9172482676000FD5A5B /* Frameworks */ = {
			isa = PBXFrameworksBuildPhase;
			buildActionMask = 2147483647;
			files = (
			);
			runOnlyForDeploymentPostprocessing = 0;
		};
/* End PBXFrameworksBuildPhase section */

/* Begin PBXGroup section */
		1C8FD9112482676000FD5A5B = {
			isa = PBXGroup;
			children = (
				1C8FD91C2482676000FD5A5B /* Load Board */,
				1C8FD91B2482676000FD5A5B /* Products */,
			);
			sourceTree = "<group>";
		};
		1C8FD91B2482676000FD5A5B /* Products */ = {
			isa = PBXGroup;
			children = (
				1C8FD91A2482676000FD5A5B /* Load Board.app */,
			);
			name = Products;
			sourceTree = "<group>";
		};
		1C8FD91C2482676000FD5A5B /* Load Board */ = {
			isa = PBXGroup;
			children = (
				1C8FD91D2482676000FD5A5B /* AppDelegate.swift */,
				1C8FD9262482676100FD5A5B /* Assets.xcassets */,
				1C8FD91F2482676000FD5A5B /* art.scnassets */,
				1CA0B98426E8FB8500FEAE85 /* Model */,
				1CA0B98726E8FBA800FEAE85 /* VIew */,
				1CA0B98626E8FB9200FEAE85 /* Controller */,
				1C8FD92B2482676100FD5A5B /* Info.plist */,
			);
			path = "Load Board";
			sourceTree = "<group>";
		};
		1CA0B98426E8FB8500FEAE85 /* Model */ = {
			isa = PBXGroup;
			children = (
				1C6D83E226E7BA0C006C1B67 /* Player.swift */,
				1C238A8A248EA85F005279BF /* Players.swift */,
				1CA0B98126E8FB6F00FEAE85 /* LudoBoard.swift */,
				1C00DEAB26E900450058790B /* Constants.swift */,
			);
			path = Model;
			sourceTree = "<group>";
		};
		1CA0B98626E8FB9200FEAE85 /* Controller */ = {
			isa = PBXGroup;
			children = (
				1C8FD9212482676000FD5A5B /* ViewController-Copy.swift */,
				1CA0B97E26E8FA6100FEAE85 /* ViewController.swift */,
				1C00DEA826E8FFC10058790B /* LudoBoardController.swift */,
				1C00DEAE26E923850058790B /* DragonBallsController.swift */,
				1C78082126EA639600DC5B12 /* ViewController+ARSCNView.swift */,
				1C78082426EA720600DC5B12 /* PlayerController.swift */,
				1C78081E26EA62AE00DC5B12 /* ViewController+Gestures.swift */,
				1C235D0026EB3DC50099937D /* DiceController.swift */,
				1CD351E226EB616700CCFD1B /* GameController.swift */,
				1C71847926EB9D9B002F6743 /* GameLogicController.swift */,
			);
			path = Controller;
			sourceTree = "<group>";
		};
		1CA0B98726E8FBA800FEAE85 /* VIew */ = {
			isa = PBXGroup;
			children = (
				1C8FD9232482676000FD5A5B /* Main.storyboard */,
				1C8FD9282482676100FD5A5B /* LaunchScreen.storyboard */,
			);
			path = VIew;
			sourceTree = "<group>";
		};
/* End PBXGroup section */

/* Begin PBXNativeTarget section */
		1C8FD9192482676000FD5A5B /* Load Board */ = {
			isa = PBXNativeTarget;
			buildConfigurationList = 1C8FD92E2482676100FD5A5B /* Build configuration list for PBXNativeTarget "Load Board" */;
			buildPhases = (
				1C8FD9162482676000FD5A5B /* Sources */,
				1C8FD9172482676000FD5A5B /* Frameworks */,
				1C8FD9182482676000FD5A5B /* Resources */,
			);
			buildRules = (
			);
			dependencies = (
			);
			name = "Load Board";
			productName = "Load Board";
			productReference = 1C8FD91A2482676000FD5A5B /* Load Board.app */;
			productType = "com.apple.product-type.application";
		};
/* End PBXNativeTarget section */

/* Begin PBXProject section */
		1C8FD9122482676000FD5A5B /* Project object */ = {
			isa = PBXProject;
			attributes = {
				LastSwiftUpdateCheck = 1010;
				LastUpgradeCheck = 1240;
				ORGANIZATIONNAME = "Tapan Patel";
				TargetAttributes = {
					1C8FD9192482676000FD5A5B = {
						CreatedOnToolsVersion = 10.1;
						LastSwiftMigration = 1240;
					};
				};
			};
			buildConfigurationList = 1C8FD9152482676000FD5A5B /* Build configuration list for PBXProject "Load Board" */;
			compatibilityVersion = "Xcode 9.3";
			developmentRegion = en;
			hasScannedForEncodings = 0;
			knownRegions = (
				en,
				Base,
			);
			mainGroup = 1C8FD9112482676000FD5A5B;
			productRefGroup = 1C8FD91B2482676000FD5A5B /* Products */;
			projectDirPath = "";
			projectRoot = "";
			targets = (
				1C8FD9192482676000FD5A5B /* Load Board */,
			);
		};
/* End PBXProject section */

/* Begin PBXResourcesBuildPhase section */
		1C8FD9182482676000FD5A5B /* Resources */ = {
			isa = PBXResourcesBuildPhase;
			buildActionMask = 2147483647;
			files = (
				1C8FD9202482676000FD5A5B /* art.scnassets in Resources */,
				1C8FD92A2482676100FD5A5B /* LaunchScreen.storyboard in Resources */,
				1C8FD9272482676100FD5A5B /* Assets.xcassets in Resources */,
				1C8FD9252482676000FD5A5B /* Main.storyboard in Resources */,
			);
			runOnlyForDeploymentPostprocessing = 0;
		};
/* End PBXResourcesBuildPhase section */

/* Begin PBXSourcesBuildPhase section */
		1C8FD9162482676000FD5A5B /* Sources */ = {
			isa = PBXSourcesBuildPhase;
			buildActionMask = 2147483647;
			files = (
				1CA0B97F26E8FA6100FEAE85 /* ViewController.swift in Sources */,
				1C6D83E326E7BA0C006C1B67 /* Player.swift in Sources */,
				1C78082526EA720600DC5B12 /* PlayerController.swift in Sources */,
				1C71847A26EB9D9B002F6743 /* GameLogicController.swift in Sources */,
				1C00DEA926E8FFC10058790B /* LudoBoardController.swift in Sources */,
				1C238A8B248EA85F005279BF /* Players.swift in Sources */,
				1C8FD9222482676000FD5A5B /* ViewController-Copy.swift in Sources */,
				1CA0B98226E8FB6F00FEAE85 /* LudoBoard.swift in Sources */,
				1C00DEAF26E923850058790B /* DragonBallsController.swift in Sources */,
				1C78082226EA639600DC5B12 /* ViewController+ARSCNView.swift in Sources */,
				1C8FD91E2482676000FD5A5B /* AppDelegate.swift in Sources */,
				1C235D0126EB3DC50099937D /* DiceController.swift in Sources */,
				1C78081F26EA62AE00DC5B12 /* ViewController+Gestures.swift in Sources */,
				1C00DEAC26E900450058790B /* Constants.swift in Sources */,
				1CD351E326EB616700CCFD1B /* GameController.swift in Sources */,
			);
			runOnlyForDeploymentPostprocessing = 0;
		};
/* End PBXSourcesBuildPhase section */

/* Begin PBXVariantGroup section */
		1C8FD9232482676000FD5A5B /* Main.storyboard */ = {
			isa = PBXVariantGroup;
			children = (
				1C8FD9242482676000FD5A5B /* Base */,
			);
			name = Main.storyboard;
			sourceTree = "<group>";
		};
		1C8FD9282482676100FD5A5B /* LaunchScreen.storyboard */ = {
			isa = PBXVariantGroup;
			children = (
				1C8FD9292482676100FD5A5B /* Base */,
			);
			name = LaunchScreen.storyboard;
			sourceTree = "<group>";
		};
/* End PBXVariantGroup section */

/* Begin XCBuildConfiguration section */
		1C8FD92C2482676100FD5A5B /* Debug */ = {
			isa = XCBuildConfiguration;
			buildSettings = {
				ALWAYS_SEARCH_USER_PATHS = NO;
				CLANG_ANALYZER_NONNULL = YES;
				CLANG_ANALYZER_NUMBER_OBJECT_CONVERSION = YES_AGGRESSIVE;
				CLANG_CXX_LANGUAGE_STANDARD = "gnu++14";
				CLANG_CXX_LIBRARY = "libc++";
				CLANG_ENABLE_MODULES = YES;
				CLANG_ENABLE_OBJC_ARC = YES;
				CLANG_ENABLE_OBJC_WEAK = YES;
				CLANG_WARN_BLOCK_CAPTURE_AUTORELEASING = YES;
				CLANG_WARN_BOOL_CONVERSION = YES;
				CLANG_WARN_COMMA = YES;
				CLANG_WARN_CONSTANT_CONVERSION = YES;
				CLANG_WARN_DEPRECATED_OBJC_IMPLEMENTATIONS = YES;
				CLANG_WARN_DIRECT_OBJC_ISA_USAGE = YES_ERROR;
				CLANG_WARN_DOCUMENTATION_COMMENTS = YES;
				CLANG_WARN_EMPTY_BODY = YES;
				CLANG_WARN_ENUM_CONVERSION = YES;
				CLANG_WARN_INFINITE_RECURSION = YES;
				CLANG_WARN_INT_CONVERSION = YES;
				CLANG_WARN_NON_LITERAL_NULL_CONVERSION = YES;
				CLANG_WARN_OBJC_IMPLICIT_RETAIN_SELF = YES;
				CLANG_WARN_OBJC_LITERAL_CONVERSION = YES;
				CLANG_WARN_OBJC_ROOT_CLASS = YES_ERROR;
				CLANG_WARN_QUOTED_INCLUDE_IN_FRAMEWORK_HEADER = YES;
				CLANG_WARN_RANGE_LOOP_ANALYSIS = YES;
				CLANG_WARN_STRICT_PROTOTYPES = YES;
				CLANG_WARN_SUSPICIOUS_MOVE = YES;
				CLANG_WARN_UNGUARDED_AVAILABILITY = YES_AGGRESSIVE;
				CLANG_WARN_UNREACHABLE_CODE = YES;
				CLANG_WARN__DUPLICATE_METHOD_MATCH = YES;
				CODE_SIGN_IDENTITY = "iPhone Developer";
				COPY_PHASE_STRIP = NO;
				DEBUG_INFORMATION_FORMAT = dwarf;
				ENABLE_STRICT_OBJC_MSGSEND = YES;
				ENABLE_TESTABILITY = YES;
				GCC_C_LANGUAGE_STANDARD = gnu11;
				GCC_DYNAMIC_NO_PIC = NO;
				GCC_NO_COMMON_BLOCKS = YES;
				GCC_OPTIMIZATION_LEVEL = 0;
				GCC_PREPROCESSOR_DEFINITIONS = (
					"DEBUG=1",
					"$(inherited)",
				);
				GCC_WARN_64_TO_32_BIT_CONVERSION = YES;
				GCC_WARN_ABOUT_RETURN_TYPE = YES_ERROR;
				GCC_WARN_UNDECLARED_SELECTOR = YES;
				GCC_WARN_UNINITIALIZED_AUTOS = YES_AGGRESSIVE;
				GCC_WARN_UNUSED_FUNCTION = YES;
				GCC_WARN_UNUSED_VARIABLE = YES;
				IPHONEOS_DEPLOYMENT_TARGET = 12.1;
				MTL_ENABLE_DEBUG_INFO = INCLUDE_SOURCE;
				MTL_FAST_MATH = YES;
				ONLY_ACTIVE_ARCH = YES;
				SDKROOT = iphoneos;
				SWIFT_ACTIVE_COMPILATION_CONDITIONS = DEBUG;
				SWIFT_OPTIMIZATION_LEVEL = "-Onone";
			};
			name = Debug;
		};
		1C8FD92D2482676100FD5A5B /* Release */ = {
			isa = XCBuildConfiguration;
			buildSettings = {
				ALWAYS_SEARCH_USER_PATHS = NO;
				CLANG_ANALYZER_NONNULL = YES;
				CLANG_ANALYZER_NUMBER_OBJECT_CONVERSION = YES_AGGRESSIVE;
				CLANG_CXX_LANGUAGE_STANDARD = "gnu++14";
				CLANG_CXX_LIBRARY = "libc++";
				CLANG_ENABLE_MODULES = YES;
				CLANG_ENABLE_OBJC_ARC = YES;
				CLANG_ENABLE_OBJC_WEAK = YES;
				CLANG_WARN_BLOCK_CAPTURE_AUTORELEASING = YES;
				CLANG_WARN_BOOL_CONVERSION = YES;
				CLANG_WARN_COMMA = YES;
				CLANG_WARN_CONSTANT_CONVERSION = YES;
				CLANG_WARN_DEPRECATED_OBJC_IMPLEMENTATIONS = YES;
				CLANG_WARN_DIRECT_OBJC_ISA_USAGE = YES_ERROR;
				CLANG_WARN_DOCUMENTATION_COMMENTS = YES;
				CLANG_WARN_EMPTY_BODY = YES;
				CLANG_WARN_ENUM_CONVERSION = YES;
				CLANG_WARN_INFINITE_RECURSION = YES;
				CLANG_WARN_INT_CONVERSION = YES;
				CLANG_WARN_NON_LITERAL_NULL_CONVERSION = YES;
				CLANG_WARN_OBJC_IMPLICIT_RETAIN_SELF = YES;
				CLANG_WARN_OBJC_LITERAL_CONVERSION = YES;
				CLANG_WARN_OBJC_ROOT_CLASS = YES_ERROR;
				CLANG_WARN_QUOTED_INCLUDE_IN_FRAMEWORK_HEADER = YES;
				CLANG_WARN_RANGE_LOOP_ANALYSIS = YES;
				CLANG_WARN_STRICT_PROTOTYPES = YES;
				CLANG_WARN_SUSPICIOUS_MOVE = YES;
				CLANG_WARN_UNGUARDED_AVAILABILITY = YES_AGGRESSIVE;
				CLANG_WARN_UNREACHABLE_CODE = YES;
				CLANG_WARN__DUPLICATE_METHOD_MATCH = YES;
				CODE_SIGN_IDENTITY = "iPhone Developer";
				COPY_PHASE_STRIP = NO;
				DEBUG_INFORMATION_FORMAT = "dwarf-with-dsym";
				ENABLE_NS_ASSERTIONS = NO;
				ENABLE_STRICT_OBJC_MSGSEND = YES;
				GCC_C_LANGUAGE_STANDARD = gnu11;
				GCC_NO_COMMON_BLOCKS = YES;
				GCC_WARN_64_TO_32_BIT_CONVERSION = YES;
				GCC_WARN_ABOUT_RETURN_TYPE = YES_ERROR;
				GCC_WARN_UNDECLARED_SELECTOR = YES;
				GCC_WARN_UNINITIALIZED_AUTOS = YES_AGGRESSIVE;
				GCC_WARN_UNUSED_FUNCTION = YES;
				GCC_WARN_UNUSED_VARIABLE = YES;
				IPHONEOS_DEPLOYMENT_TARGET = 12.1;
				MTL_ENABLE_DEBUG_INFO = NO;
				MTL_FAST_MATH = YES;
				SDKROOT = iphoneos;
				SWIFT_COMPILATION_MODE = wholemodule;
				SWIFT_OPTIMIZATION_LEVEL = "-O";
				VALIDATE_PRODUCT = YES;
			};
			name = Release;
		};
		1C8FD92F2482676100FD5A5B /* Debug */ = {
			isa = XCBuildConfiguration;
			buildSettings = {
				ASSETCATALOG_COMPILER_APPICON_NAME = AppIcon;
				CODE_SIGN_STYLE = Automatic;
				DEVELOPMENT_TEAM = AM62T43HTX;
				INFOPLIST_FILE = "Load Board/Info.plist";
				IPHONEOS_DEPLOYMENT_TARGET = 14.1;
				LD_RUNPATH_SEARCH_PATHS = (
					"$(inherited)",
					"@executable_path/Frameworks",
				);
				PRODUCT_BUNDLE_IDENTIFIER = "com.tapanpatel.Load-Board";
				PRODUCT_NAME = "$(TARGET_NAME)";
				SWIFT_VERSION = 5.0;
				TARGETED_DEVICE_FAMILY = "1,2";
			};
			name = Debug;
		};
		1C8FD9302482676100FD5A5B /* Release */ = {
			isa = XCBuildConfiguration;
			buildSettings = {
				ASSETCATALOG_COMPILER_APPICON_NAME = AppIcon;
				CODE_SIGN_STYLE = Automatic;
				DEVELOPMENT_TEAM = AM62T43HTX;
				INFOPLIST_FILE = "Load Board/Info.plist";
				IPHONEOS_DEPLOYMENT_TARGET = 14.1;
				LD_RUNPATH_SEARCH_PATHS = (
					"$(inherited)",
					"@executable_path/Frameworks",
				);
				PRODUCT_BUNDLE_IDENTIFIER = "com.tapanpatel.Load-Board";
				PRODUCT_NAME = "$(TARGET_NAME)";
				SWIFT_VERSION = 5.0;
				TARGETED_DEVICE_FAMILY = "1,2";
			};
			name = Release;
		};
/* End XCBuildConfiguration section */

/* Begin XCConfigurationList section */
		1C8FD9152482676000FD5A5B /* Build configuration list for PBXProject "Load Board" */ = {
			isa = XCConfigurationList;
			buildConfigurations = (
				1C8FD92C2482676100FD5A5B /* Debug */,
				1C8FD92D2482676100FD5A5B /* Release */,
			);
			defaultConfigurationIsVisible = 0;
			defaultConfigurationName = Release;
		};
		1C8FD92E2482676100FD5A5B /* Build configuration list for PBXNativeTarget "Load Board" */ = {
			isa = XCConfigurationList;
			buildConfigurations = (
				1C8FD92F2482676100FD5A5B /* Debug */,
				1C8FD9302482676100FD5A5B /* Release */,
			);
			defaultConfigurationIsVisible = 0;
			defaultConfigurationName = Release;
		};
/* End XCConfigurationList section */
	};
	rootObject = 1C8FD9122482676000FD5A5B /* Project object */;
}
